
Microsoft Visual Studio Solution File, Format Version 11.00
# Visual Studio 2010
Project("{FAE04EC0-301F-11D3-BF4B-00C04F79EFBC}") = "Ink-Libraries", "Ink-Libraries.csproj", "{915324DD-D22D-AFFE-2D17-6F75943E79CE}"
EndProject
Project("{FAE04EC0-301F-11D3-BF4B-00C04F79EFBC}") = "Assembly-CSharp", "Assembly-CSharp.csproj", "{22E6F08D-172E-568E-D360-F1421E174A76}"
EndProject
Project("{FAE04EC0-301F-11D3-BF4B-00C04F79EFBC}") = "InkEditor", "InkEditor.csproj", "{66C6792B-D1D5-4953-FA9E-95C9F2945193}"
EndProject
Project("{FAE04EC0-301F-11D3-BF4B-00C04F79EFBC}") = "Assembly-CSharp-Editor", "Assembly-CSharp-Editor.csproj", "{EBEE224E-4856-5F18-EAA9-EFBEC070525F}"
EndProject
Global
	GlobalSection(SolutionConfigurationPlatforms) = preSolution
		Debug|Any CPU = Debug|Any CPU
		Release|Any CPU = Release|Any CPU
	EndGlobalSection
	GlobalSection(ProjectConfigurationPlatforms) = postSolution
		{915324DD-D22D-AFFE-2D17-6F75943E79CE}.Debug|Any CPU.ActiveCfg = Debug|Any CPU
		{915324DD-D22D-AFFE-2D17-6F75943E79CE}.Debug|Any CPU.Build.0 = Debug|Any CPU
		{915324DD-D22D-AFFE-2D17-6F75943E79CE}.Release|Any CPU.ActiveCfg = Release|Any CPU
		{915324DD-D22D-AFFE-2D17-6F75943E79CE}.Release|Any CPU.Build.0 = Release|Any CPU
		{22E6F08D-172E-568E-D360-F1421E174A76}.Debug|Any CPU.ActiveCfg = Debug|Any CPU
		{22E6F08D-172E-568E-D360-F1421E174A76}.Debug|Any CPU.Build.0 = Debug|Any CPU
		{22E6F08D-172E-568E-D360-F1421E174A76}.Release|Any CPU.ActiveCfg = Release|Any CPU
		{22E6F08D-172E-568E-D360-F1421E174A76}.Release|Any CPU.Build.0 = Release|Any CPU
		{66C6792B-D1D5-4953-FA9E-95C9F2945193}.Debug|Any CPU.ActiveCfg = Debug|Any CPU
		{66C6792B-D1D5-4953-FA9E-95C9F2945193}.Debug|Any CPU.Build.0 = Debug|Any CPU
		{66C6792B-D1D5-4953-FA9E-95C9F2945193}.Release|Any CPU.ActiveCfg = Release|Any CPU
		{66C6792B-D1D5-4953-FA9E-95C9F2945193}.Release|Any CPU.Build.0 = Release|Any CPU
		{EBEE224E-4856-5F18-EAA9-EFBEC070525F}.Debug|Any CPU.ActiveCfg = Debug|Any CPU
		{EBEE224E-4856-5F18-EAA9-EFBEC070525F}.Debug|Any CPU.Build.0 = Debug|Any CPU
		{EBEE224E-4856-5F18-EAA9-EFBEC070525F}.Release|Any CPU.ActiveCfg = Release|Any CPU
		{EBEE224E-4856-5F18-EAA9-EFBEC070525F}.Release|Any CPU.Build.0 = Release|Any CPU
	EndGlobalSection
	GlobalSection(SolutionProperties) = preSolution
		HideSolutionNode = FALSE
	EndGlobalSection
EndGlobal
